
Microsoft Visual Studio Solution File, Format Version 12.00
# Visual Studio 2013
VisualStudioVersion = 12.0.0.0
MinimumVisualStudioVersion = 10.0.0.1
Project("{8BB2217D-0F2D-49D1-97BC-3654ED321F3B}") = "Wrhs", "Wrhs\Wrhs.xproj", "{BDD84558-13AF-4E94-B73B-CE75C518CEBE}"
EndProject
Project("{8BB2217D-0F2D-49D1-97BC-3654ED321F3B}") = "Wrhs.Data", "Wrhs.Data\Wrhs.Data.xproj", "{0D4788DF-444C-4A46-8C54-838FD133B0D6}"
EndProject
Project("{8BB2217D-0F2D-49D1-97BC-3654ED321F3B}") = "Wrhs.Data.Tests", "Wrhs.Data.Tests\Wrhs.Data.Tests.xproj", "{F94C670A-BFBE-433C-958B-D60F56C548CB}"
EndProject
Project("{8BB2217D-0F2D-49D1-97BC-3654ED321F3B}") = "Wrhs.Tests", "Wrhs.Tests\Wrhs.Tests.xproj", "{717FB383-3653-4EC1-B3FE-EE3C402214F5}"
EndProject
Project("{8BB2217D-0F2D-49D1-97BC-3654ED321F3B}") = "Wrhs.WebApp", "Wrhs.WebApp\Wrhs.WebApp.xproj", "{D2A94E30-C0D4-4563-B373-0F1D26097E7A}"
EndProject
Project("{8BB2217D-0F2D-49D1-97BC-3654ED321F3B}") = "Wrhs.WebApp.Tests", "Wrhs.WebApp.Tests\Wrhs.WebApp.Tests.xproj", "{04F732DB-E0B7-4BC1-AA0D-BA15B7A733DA}"
EndProject
Project("{8BB2217D-0F2D-49D1-97BC-3654ED321F3B}") = "Wrhs.WebApp.Tests.Integration", "Wrhs.WebApp.Tests.Integration\Wrhs.WebApp.Tests.Integration.xproj", "{D67EEF66-8359-47AB-82CB-B7096C5C9C94}"
EndProject
Global
	GlobalSection(SolutionConfigurationPlatforms) = preSolution
		Debug|Any CPU = Debug|Any CPU
		Release|Any CPU = Release|Any CPU
	EndGlobalSection
	GlobalSection(ProjectConfigurationPlatforms) = postSolution
		{BDD84558-13AF-4E94-B73B-CE75C518CEBE}.Debug|Any CPU.ActiveCfg = Debug|Any CPU
		{BDD84558-13AF-4E94-B73B-CE75C518CEBE}.Debug|Any CPU.Build.0 = Debug|Any CPU
		{BDD84558-13AF-4E94-B73B-CE75C518CEBE}.Release|Any CPU.ActiveCfg = Release|Any CPU
		{BDD84558-13AF-4E94-B73B-CE75C518CEBE}.Release|Any CPU.Build.0 = Release|Any CPU
		{0D4788DF-444C-4A46-8C54-838FD133B0D6}.Debug|Any CPU.ActiveCfg = Debug|Any CPU
		{0D4788DF-444C-4A46-8C54-838FD133B0D6}.Debug|Any CPU.Build.0 = Debug|Any CPU
		{0D4788DF-444C-4A46-8C54-838FD133B0D6}.Release|Any CPU.ActiveCfg = Release|Any CPU
		{0D4788DF-444C-4A46-8C54-838FD133B0D6}.Release|Any CPU.Build.0 = Release|Any CPU
		{F94C670A-BFBE-433C-958B-D60F56C548CB}.Debug|Any CPU.ActiveCfg = Debug|Any CPU
		{F94C670A-BFBE-433C-958B-D60F56C548CB}.Debug|Any CPU.Build.0 = Debug|Any CPU
		{F94C670A-BFBE-433C-958B-D60F56C548CB}.Release|Any CPU.ActiveCfg = Release|Any CPU
		{F94C670A-BFBE-433C-958B-D60F56C548CB}.Release|Any CPU.Build.0 = Release|Any CPU
		{717FB383-3653-4EC1-B3FE-EE3C402214F5}.Debug|Any CPU.ActiveCfg = Debug|Any CPU
		{717FB383-3653-4EC1-B3FE-EE3C402214F5}.Debug|Any CPU.Build.0 = Debug|Any CPU
		{717FB383-3653-4EC1-B3FE-EE3C402214F5}.Release|Any CPU.ActiveCfg = Release|Any CPU
		{717FB383-3653-4EC1-B3FE-EE3C402214F5}.Release|Any CPU.Build.0 = Release|Any CPU
		{D2A94E30-C0D4-4563-B373-0F1D26097E7A}.Debug|Any CPU.ActiveCfg = Debug|Any CPU
		{D2A94E30-C0D4-4563-B373-0F1D26097E7A}.Debug|Any CPU.Build.0 = Debug|Any CPU
		{D2A94E30-C0D4-4563-B373-0F1D26097E7A}.Release|Any CPU.ActiveCfg = Release|Any CPU
		{D2A94E30-C0D4-4563-B373-0F1D26097E7A}.Release|Any CPU.Build.0 = Release|Any CPU
		{04F732DB-E0B7-4BC1-AA0D-BA15B7A733DA}.Debug|Any CPU.ActiveCfg = Debug|Any CPU
		{04F732DB-E0B7-4BC1-AA0D-BA15B7A733DA}.Debug|Any CPU.Build.0 = Debug|Any CPU
		{04F732DB-E0B7-4BC1-AA0D-BA15B7A733DA}.Release|Any CPU.ActiveCfg = Release|Any CPU
		{04F732DB-E0B7-4BC1-AA0D-BA15B7A733DA}.Release|Any CPU.Build.0 = Release|Any CPU
		{D67EEF66-8359-47AB-82CB-B7096C5C9C94}.Debug|Any CPU.ActiveCfg = Debug|Any CPU
		{D67EEF66-8359-47AB-82CB-B7096C5C9C94}.Debug|Any CPU.Build.0 = Debug|Any CPU
		{D67EEF66-8359-47AB-82CB-B7096C5C9C94}.Release|Any CPU.ActiveCfg = Release|Any CPU
		{D67EEF66-8359-47AB-82CB-B7096C5C9C94}.Release|Any CPU.Build.0 = Release|Any CPU
	EndGlobalSection
	GlobalSection(SolutionProperties) = preSolution
		HideSolutionNode = FALSE
	EndGlobalSection
EndGlobal
