Microsoft Visual Studio Solution File, Format Version 12.00
# Visual Studio 15
VisualStudioVersion = 15.0.26430.15
MinimumVisualStudioVersion = 15.0.26124.0
Project("{9A19103F-16F7-4668-BE54-9A1E7A4F7556}") = "Wrhs", "Wrhs\Wrhs.csproj", "{32EF378C-0C26-4643-9CBB-A9B58D5EB487}"
EndProject
Project("{9A19103F-16F7-4668-BE54-9A1E7A4F7556}") = "Wrhs.Tests", "Wrhs.Tests\Wrhs.Tests.csproj", "{F8D989FB-6A8D-457D-8F49-4785845C104C}"
EndProject
Project("{9A19103F-16F7-4668-BE54-9A1E7A4F7556}") = "Wrhs.Data", "Wrhs.Data\Wrhs.Data.csproj", "{B54D0DD6-A707-4711-B7EF-85F96ED61D0A}"
EndProject
Project("{9A19103F-16F7-4668-BE54-9A1E7A4F7556}") = "Wrhs.Data.Tests", "Wrhs.Data.Tests\Wrhs.Data.Tests.csproj", "{32113AD3-E45D-4371-BC89-CFC49A34D3E2}"
EndProject
Project("{9A19103F-16F7-4668-BE54-9A1E7A4F7556}") = "Wrhs.WebApp", "Wrhs.WebApp\Wrhs.WebApp.csproj", "{58CC6323-EF70-452B-91FC-083417410A41}"
EndProject
Project("{9A19103F-16F7-4668-BE54-9A1E7A4F7556}") = "Wrhs.WebApp.Tests", "Wrhs.WebApp.Tests\Wrhs.WebApp.Tests.csproj", "{491D3ABD-7C49-41E4-AD9E-371F71BDA2DC}"
EndProject
Project("{2150E333-8FDC-42A3-9474-1A3956D46DE8}") = "Tests", "Tests", "{B8FD2316-C35C-47D9-9AF5-63E19FFB2BA1}"
EndProject
Global
	GlobalSection(SolutionConfigurationPlatforms) = preSolution
		Debug|Any CPU = Debug|Any CPU
		Debug|x64 = Debug|x64
		Debug|x86 = Debug|x86
		Release|Any CPU = Release|Any CPU
		Release|x64 = Release|x64
		Release|x86 = Release|x86
	EndGlobalSection
	GlobalSection(ProjectConfigurationPlatforms) = postSolution
		{32EF378C-0C26-4643-9CBB-A9B58D5EB487}.Debug|Any CPU.ActiveCfg = Debug|Any CPU
		{32EF378C-0C26-4643-9CBB-A9B58D5EB487}.Debug|Any CPU.Build.0 = Debug|Any CPU
		{32EF378C-0C26-4643-9CBB-A9B58D5EB487}.Debug|x64.ActiveCfg = Debug|Any CPU
		{32EF378C-0C26-4643-9CBB-A9B58D5EB487}.Debug|x64.Build.0 = Debug|Any CPU
		{32EF378C-0C26-4643-9CBB-A9B58D5EB487}.Debug|x86.ActiveCfg = Debug|Any CPU
		{32EF378C-0C26-4643-9CBB-A9B58D5EB487}.Debug|x86.Build.0 = Debug|Any CPU
		{32EF378C-0C26-4643-9CBB-A9B58D5EB487}.Release|Any CPU.ActiveCfg = Release|Any CPU
		{32EF378C-0C26-4643-9CBB-A9B58D5EB487}.Release|Any CPU.Build.0 = Release|Any CPU
		{32EF378C-0C26-4643-9CBB-A9B58D5EB487}.Release|x64.ActiveCfg = Release|Any CPU
		{32EF378C-0C26-4643-9CBB-A9B58D5EB487}.Release|x64.Build.0 = Release|Any CPU
		{32EF378C-0C26-4643-9CBB-A9B58D5EB487}.Release|x86.ActiveCfg = Release|Any CPU
		{32EF378C-0C26-4643-9CBB-A9B58D5EB487}.Release|x86.Build.0 = Release|Any CPU
		{F8D989FB-6A8D-457D-8F49-4785845C104C}.Debug|Any CPU.ActiveCfg = Debug|Any CPU
		{F8D989FB-6A8D-457D-8F49-4785845C104C}.Debug|Any CPU.Build.0 = Debug|Any CPU
		{F8D989FB-6A8D-457D-8F49-4785845C104C}.Debug|x64.ActiveCfg = Debug|Any CPU
		{F8D989FB-6A8D-457D-8F49-4785845C104C}.Debug|x64.Build.0 = Debug|Any CPU
		{F8D989FB-6A8D-457D-8F49-4785845C104C}.Debug|x86.ActiveCfg = Debug|Any CPU
		{F8D989FB-6A8D-457D-8F49-4785845C104C}.Debug|x86.Build.0 = Debug|Any CPU
		{F8D989FB-6A8D-457D-8F49-4785845C104C}.Release|Any CPU.ActiveCfg = Release|Any CPU
		{F8D989FB-6A8D-457D-8F49-4785845C104C}.Release|Any CPU.Build.0 = Release|Any CPU
		{F8D989FB-6A8D-457D-8F49-4785845C104C}.Release|x64.ActiveCfg = Release|Any CPU
		{F8D989FB-6A8D-457D-8F49-4785845C104C}.Release|x64.Build.0 = Release|Any CPU
		{F8D989FB-6A8D-457D-8F49-4785845C104C}.Release|x86.ActiveCfg = Release|Any CPU
		{F8D989FB-6A8D-457D-8F49-4785845C104C}.Release|x86.Build.0 = Release|Any CPU
		{B54D0DD6-A707-4711-B7EF-85F96ED61D0A}.Debug|Any CPU.ActiveCfg = Debug|Any CPU
		{B54D0DD6-A707-4711-B7EF-85F96ED61D0A}.Debug|Any CPU.Build.0 = Debug|Any CPU
		{B54D0DD6-A707-4711-B7EF-85F96ED61D0A}.Debug|x64.ActiveCfg = Debug|Any CPU
		{B54D0DD6-A707-4711-B7EF-85F96ED61D0A}.Debug|x64.Build.0 = Debug|Any CPU
		{B54D0DD6-A707-4711-B7EF-85F96ED61D0A}.Debug|x86.ActiveCfg = Debug|Any CPU
		{B54D0DD6-A707-4711-B7EF-85F96ED61D0A}.Debug|x86.Build.0 = Debug|Any CPU
		{B54D0DD6-A707-4711-B7EF-85F96ED61D0A}.Release|Any CPU.ActiveCfg = Release|Any CPU
		{B54D0DD6-A707-4711-B7EF-85F96ED61D0A}.Release|Any CPU.Build.0 = Release|Any CPU
		{B54D0DD6-A707-4711-B7EF-85F96ED61D0A}.Release|x64.ActiveCfg = Release|Any CPU
		{B54D0DD6-A707-4711-B7EF-85F96ED61D0A}.Release|x64.Build.0 = Release|Any CPU
		{B54D0DD6-A707-4711-B7EF-85F96ED61D0A}.Release|x86.ActiveCfg = Release|Any CPU
		{B54D0DD6-A707-4711-B7EF-85F96ED61D0A}.Release|x86.Build.0 = Release|Any CPU
		{32113AD3-E45D-4371-BC89-CFC49A34D3E2}.Debug|Any CPU.ActiveCfg = Debug|Any CPU
		{32113AD3-E45D-4371-BC89-CFC49A34D3E2}.Debug|Any CPU.Build.0 = Debug|Any CPU
		{32113AD3-E45D-4371-BC89-CFC49A34D3E2}.Debug|x64.ActiveCfg = Debug|Any CPU
		{32113AD3-E45D-4371-BC89-CFC49A34D3E2}.Debug|x64.Build.0 = Debug|Any CPU
		{32113AD3-E45D-4371-BC89-CFC49A34D3E2}.Debug|x86.ActiveCfg = Debug|Any CPU
		{32113AD3-E45D-4371-BC89-CFC49A34D3E2}.Debug|x86.Build.0 = Debug|Any CPU
		{32113AD3-E45D-4371-BC89-CFC49A34D3E2}.Release|Any CPU.ActiveCfg = Release|Any CPU
		{32113AD3-E45D-4371-BC89-CFC49A34D3E2}.Release|Any CPU.Build.0 = Release|Any CPU
		{32113AD3-E45D-4371-BC89-CFC49A34D3E2}.Release|x64.ActiveCfg = Release|Any CPU
		{32113AD3-E45D-4371-BC89-CFC49A34D3E2}.Release|x64.Build.0 = Release|Any CPU
		{32113AD3-E45D-4371-BC89-CFC49A34D3E2}.Release|x86.ActiveCfg = Release|Any CPU
		{32113AD3-E45D-4371-BC89-CFC49A34D3E2}.Release|x86.Build.0 = Release|Any CPU
		{58CC6323-EF70-452B-91FC-083417410A41}.Debug|Any CPU.ActiveCfg = Debug|Any CPU
		{58CC6323-EF70-452B-91FC-083417410A41}.Debug|Any CPU.Build.0 = Debug|Any CPU
		{58CC6323-EF70-452B-91FC-083417410A41}.Debug|x64.ActiveCfg = Debug|Any CPU
		{58CC6323-EF70-452B-91FC-083417410A41}.Debug|x64.Build.0 = Debug|Any CPU
		{58CC6323-EF70-452B-91FC-083417410A41}.Debug|x86.ActiveCfg = Debug|Any CPU
		{58CC6323-EF70-452B-91FC-083417410A41}.Debug|x86.Build.0 = Debug|Any CPU
		{58CC6323-EF70-452B-91FC-083417410A41}.Release|Any CPU.ActiveCfg = Release|Any CPU
		{58CC6323-EF70-452B-91FC-083417410A41}.Release|Any CPU.Build.0 = Release|Any CPU
		{58CC6323-EF70-452B-91FC-083417410A41}.Release|x64.ActiveCfg = Release|Any CPU
		{58CC6323-EF70-452B-91FC-083417410A41}.Release|x64.Build.0 = Release|Any CPU
		{58CC6323-EF70-452B-91FC-083417410A41}.Release|x86.ActiveCfg = Release|Any CPU
		{58CC6323-EF70-452B-91FC-083417410A41}.Release|x86.Build.0 = Release|Any CPU
		{491D3ABD-7C49-41E4-AD9E-371F71BDA2DC}.Debug|Any CPU.ActiveCfg = Debug|Any CPU
		{491D3ABD-7C49-41E4-AD9E-371F71BDA2DC}.Debug|Any CPU.Build.0 = Debug|Any CPU
		{491D3ABD-7C49-41E4-AD9E-371F71BDA2DC}.Debug|x64.ActiveCfg = Debug|Any CPU
		{491D3ABD-7C49-41E4-AD9E-371F71BDA2DC}.Debug|x64.Build.0 = Debug|Any CPU
		{491D3ABD-7C49-41E4-AD9E-371F71BDA2DC}.Debug|x86.ActiveCfg = Debug|Any CPU
		{491D3ABD-7C49-41E4-AD9E-371F71BDA2DC}.Debug|x86.Build.0 = Debug|Any CPU
		{491D3ABD-7C49-41E4-AD9E-371F71BDA2DC}.Release|Any CPU.ActiveCfg = Release|Any CPU
		{491D3ABD-7C49-41E4-AD9E-371F71BDA2DC}.Release|Any CPU.Build.0 = Release|Any CPU
		{491D3ABD-7C49-41E4-AD9E-371F71BDA2DC}.Release|x64.ActiveCfg = Release|Any CPU
		{491D3ABD-7C49-41E4-AD9E-371F71BDA2DC}.Release|x64.Build.0 = Release|Any CPU
		{491D3ABD-7C49-41E4-AD9E-371F71BDA2DC}.Release|x86.ActiveCfg = Release|Any CPU
		{491D3ABD-7C49-41E4-AD9E-371F71BDA2DC}.Release|x86.Build.0 = Release|Any CPU
	EndGlobalSection
	GlobalSection(SolutionProperties) = preSolution
		HideSolutionNode = FALSE
	EndGlobalSection
	GlobalSection(NestedProjects) = preSolution
		{F8D989FB-6A8D-457D-8F49-4785845C104C} = {B8FD2316-C35C-47D9-9AF5-63E19FFB2BA1}
		{32113AD3-E45D-4371-BC89-CFC49A34D3E2} = {B8FD2316-C35C-47D9-9AF5-63E19FFB2BA1}
		{491D3ABD-7C49-41E4-AD9E-371F71BDA2DC} = {B8FD2316-C35C-47D9-9AF5-63E19FFB2BA1}
	EndGlobalSection
EndGlobal
